
Microsoft Visual Studio Solution File, Format Version 12.00
# Visual Studio 15
VisualStudioVersion = 15.0.28307.136
MinimumVisualStudioVersion = 10.0.40219.1
Project("{FAE04EC0-301F-11D3-BF4B-00C04F79EFBC}") = "OdeToFood", "OdeToFood\OdeToFood.csproj", "{A8A5A49F-D91B-42B0-A6AE-9298CB5E984C}"
EndProject
Project("{FAE04EC0-301F-11D3-BF4B-00C04F79EFBC}") = "OdeToFood.Core", "OdeToFood.Core\OdeToFood.Core.csproj", "{C9F351CE-8EE4-4C41-8F1E-FAB1FB474EB8}"
EndProject
Project("{FAE04EC0-301F-11D3-BF4B-00C04F79EFBC}") = "OdeToFood.Data", "OdeToFood.Data\OdeToFood.Data.csproj", "{2B71F5D2-E8BA-4319-B020-86E86A298ED0}"
EndProject
Global
	GlobalSection(SolutionConfigurationPlatforms) = preSolution
		Debug|Any CPU = Debug|Any CPU
		Release|Any CPU = Release|Any CPU
	EndGlobalSection
	GlobalSection(ProjectConfigurationPlatforms) = postSolution
		{A8A5A49F-D91B-42B0-A6AE-9298CB5E984C}.Debug|Any CPU.ActiveCfg = Debug|Any CPU
		{A8A5A49F-D91B-42B0-A6AE-9298CB5E984C}.Debug|Any CPU.Build.0 = Debug|Any CPU
		{A8A5A49F-D91B-42B0-A6AE-9298CB5E984C}.Release|Any CPU.ActiveCfg = Release|Any CPU
		{A8A5A49F-D91B-42B0-A6AE-9298CB5E984C}.Release|Any CPU.Build.0 = Release|Any CPU
		{C9F351CE-8EE4-4C41-8F1E-FAB1FB474EB8}.Debug|Any CPU.ActiveCfg = Debug|Any CPU
		{C9F351CE-8EE4-4C41-8F1E-FAB1FB474EB8}.Debug|Any CPU.Build.0 = Debug|Any CPU
		{C9F351CE-8EE4-4C41-8F1E-FAB1FB474EB8}.Release|Any CPU.ActiveCfg = Release|Any CPU
		{C9F351CE-8EE4-4C41-8F1E-FAB1FB474EB8}.Release|Any CPU.Build.0 = Release|Any CPU
		{2B71F5D2-E8BA-4319-B020-86E86A298ED0}.Debug|Any CPU.ActiveCfg = Debug|Any CPU
		{2B71F5D2-E8BA-4319-B020-86E86A298ED0}.Debug|Any CPU.Build.0 = Debug|Any CPU
		{2B71F5D2-E8BA-4319-B020-86E86A298ED0}.Release|Any CPU.ActiveCfg = Release|Any CPU
		{2B71F5D2-E8BA-4319-B020-86E86A298ED0}.Release|Any CPU.Build.0 = Release|Any CPU
	EndGlobalSection
	GlobalSection(SolutionProperties) = preSolution
		HideSolutionNode = FALSE
	EndGlobalSection
	GlobalSection(ExtensibilityGlobals) = postSolution
		SolutionGuid = {F95FD4FD-01EA-43CD-82DF-C965B9FF5750}
	EndGlobalSection
EndGlobal
